
Microsoft Visual Studio Solution File, Format Version 12.00
# Visual Studio 15
VisualStudioVersion = 15.0.27703.2026
MinimumVisualStudioVersion = 10.0.40219.1
Project("{FAE04EC0-301F-11D3-BF4B-00C04F79EFBC}") = "visitor-kiosk-asp", "visitor-kiosk-asp\visitor-kiosk-asp.csproj", "{FB06E3E9-C237-456E-8D7B-3EEF48F7863C}"
EndProject
Global
	GlobalSection(SolutionConfigurationPlatforms) = preSolution
		Debug|Any CPU = Debug|Any CPU
		Release|Any CPU = Release|Any CPU
	EndGlobalSection
	GlobalSection(ProjectConfigurationPlatforms) = postSolution
		{FB06E3E9-C237-456E-8D7B-3EEF48F7863C}.Debug|Any CPU.ActiveCfg = Debug|Any CPU
		{FB06E3E9-C237-456E-8D7B-3EEF48F7863C}.Debug|Any CPU.Build.0 = Debug|Any CPU
		{FB06E3E9-C237-456E-8D7B-3EEF48F7863C}.Release|Any CPU.ActiveCfg = Release|Any CPU
		{FB06E3E9-C237-456E-8D7B-3EEF48F7863C}.Release|Any CPU.Build.0 = Release|Any CPU
	EndGlobalSection
	GlobalSection(SolutionProperties) = preSolution
		HideSolutionNode = FALSE
	EndGlobalSection
	GlobalSection(ExtensibilityGlobals) = postSolution
		SolutionGuid = {EBED292B-F540-42A1-95F3-913C22F3743D}
	EndGlobalSection
EndGlobal
